
Microsoft Visual Studio Solution File, Format Version 12.00
# Visual Studio Version 17
VisualStudioVersion = 17.4.33110.190
MinimumVisualStudioVersion = 10.0.40219.1
Project("{FAE04EC0-301F-11D3-BF4B-00C04F79EFBC}") = "gitExample", "gitExample\gitExample.csproj", "{A5DFF2B8-8256-431F-B19C-FB48BEBFCB43}"
EndProject
Global
	GlobalSection(SolutionConfigurationPlatforms) = preSolution
		Debug|Any CPU = Debug|Any CPU
		Release|Any CPU = Release|Any CPU
	EndGlobalSection
	GlobalSection(ProjectConfigurationPlatforms) = postSolution
		{A5DFF2B8-8256-431F-B19C-FB48BEBFCB43}.Debug|Any CPU.ActiveCfg = Debug|Any CPU
		{A5DFF2B8-8256-431F-B19C-FB48BEBFCB43}.Debug|Any CPU.Build.0 = Debug|Any CPU
		{A5DFF2B8-8256-431F-B19C-FB48BEBFCB43}.Release|Any CPU.ActiveCfg = Release|Any CPU
		{A5DFF2B8-8256-431F-B19C-FB48BEBFCB43}.Release|Any CPU.Build.0 = Release|Any CPU
	EndGlobalSection
	GlobalSection(SolutionProperties) = preSolution
		HideSolutionNode = FALSE
	EndGlobalSection
	GlobalSection(ExtensibilityGlobals) = postSolution
		SolutionGuid = {0C718B50-4E01-4368-B1D5-1DD759C208CC}
	EndGlobalSection
EndGlobal
